
Microsoft Visual Studio Solution File, Format Version 12.00
# Visual Studio Version 16
VisualStudioVersion = 16.0.810.2
MinimumVisualStudioVersion = 10.0.40219.1
Project("{FAE04EC0-301F-11D3-BF4B-00C04F79EFBC}") = "StudentRecords", "StudentRecords\StudentRecords.csproj", "{9F955C85-D673-4E19-AE34-1B4847E510FB}"
EndProject
Global
	GlobalSection(SolutionConfigurationPlatforms) = preSolution
		Debug|anycpu = Debug|anycpu
		Release|anycpu = Release|anycpu
	EndGlobalSection
	GlobalSection(ProjectConfigurationPlatforms) = postSolution
		{9F955C85-D673-4E19-AE34-1B4847E510FB}.Debug|anycpu.ActiveCfg = Debug|anycpu
		{9F955C85-D673-4E19-AE34-1B4847E510FB}.Debug|anycpu.Build.0 = Debug|anycpu
		{9F955C85-D673-4E19-AE34-1B4847E510FB}.Release|anycpu.ActiveCfg = Release|anycpu
		{9F955C85-D673-4E19-AE34-1B4847E510FB}.Release|anycpu.Build.0 = Release|anycpu
	EndGlobalSection
	GlobalSection(SolutionProperties) = preSolution
		HideSolutionNode = FALSE
	EndGlobalSection
	GlobalSection(ExtensibilityGlobals) = postSolution
		SolutionGuid = {276840B9-F09F-44BC-A7AB-EF90109F0CEF}
	EndGlobalSection
EndGlobal
